
Microsoft Visual Studio Solution File, Format Version 12.00
# Visual Studio 15
VisualStudioVersion = 15.0.27130.2010
MinimumVisualStudioVersion = 10.0.40219.1
Project("{8BC9CEB8-8B4A-11D0-8D11-00A0C91BC942}") = "programming_project_2", "programming_project_2\programming_project_2.vcxproj", "{616410D9-2665-4213-808E-232017391D14}"
EndProject
Global
	GlobalSection(SolutionConfigurationPlatforms) = preSolution
		Debug|x64 = Debug|x64
		Debug|x86 = Debug|x86
		Release|x64 = Release|x64
		Release|x86 = Release|x86
	EndGlobalSection
	GlobalSection(ProjectConfigurationPlatforms) = postSolution
		{616410D9-2665-4213-808E-232017391D14}.Debug|x64.ActiveCfg = Debug|x64
		{616410D9-2665-4213-808E-232017391D14}.Debug|x64.Build.0 = Debug|x64
		{616410D9-2665-4213-808E-232017391D14}.Debug|x86.ActiveCfg = Debug|Win32
		{616410D9-2665-4213-808E-232017391D14}.Debug|x86.Build.0 = Debug|Win32
		{616410D9-2665-4213-808E-232017391D14}.Release|x64.ActiveCfg = Release|x64
		{616410D9-2665-4213-808E-232017391D14}.Release|x64.Build.0 = Release|x64
		{616410D9-2665-4213-808E-232017391D14}.Release|x86.ActiveCfg = Release|Win32
		{616410D9-2665-4213-808E-232017391D14}.Release|x86.Build.0 = Release|Win32
	EndGlobalSection
	GlobalSection(SolutionProperties) = preSolution
		HideSolutionNode = FALSE
	EndGlobalSection
	GlobalSection(ExtensibilityGlobals) = postSolution
		SolutionGuid = {6A4270E1-B8CE-499B-AE91-0E40E1E3EAA0}
	EndGlobalSection
EndGlobal
